
Microsoft Visual Studio Solution File, Format Version 12.00
# Visual Studio 2012
Project("{8BC9CEB8-8B4A-11D0-8D11-00A0C91BC942}") = "Client", "Client\Client.vcxproj", "{9013B540-D63F-4AC6-8B1A-5E1D718B5ACD}"
EndProject
Project("{8BC9CEB8-8B4A-11D0-8D11-00A0C91BC942}") = "Server", "Server\Server.vcxproj", "{F8B9053D-0C00-4918-BC14-D0D84006AB2C}"
EndProject
Global
	GlobalSection(SolutionConfigurationPlatforms) = preSolution
		Debug|Win32 = Debug|Win32
		Release|Win32 = Release|Win32
	EndGlobalSection
	GlobalSection(ProjectConfigurationPlatforms) = postSolution
		{9013B540-D63F-4AC6-8B1A-5E1D718B5ACD}.Debug|Win32.ActiveCfg = Debug|Win32
		{9013B540-D63F-4AC6-8B1A-5E1D718B5ACD}.Debug|Win32.Build.0 = Debug|Win32
		{9013B540-D63F-4AC6-8B1A-5E1D718B5ACD}.Release|Win32.ActiveCfg = Release|Win32
		{9013B540-D63F-4AC6-8B1A-5E1D718B5ACD}.Release|Win32.Build.0 = Release|Win32
		{F8B9053D-0C00-4918-BC14-D0D84006AB2C}.Debug|Win32.ActiveCfg = Debug|Win32
		{F8B9053D-0C00-4918-BC14-D0D84006AB2C}.Debug|Win32.Build.0 = Debug|Win32
		{F8B9053D-0C00-4918-BC14-D0D84006AB2C}.Release|Win32.ActiveCfg = Release|Win32
		{F8B9053D-0C00-4918-BC14-D0D84006AB2C}.Release|Win32.Build.0 = Release|Win32
	EndGlobalSection
	GlobalSection(SolutionProperties) = preSolution
		HideSolutionNode = FALSE
	EndGlobalSection
EndGlobal
